// !$*UTF8*$!
{
	archiveVersion = 1;
	classes = {
	};
	objectVersion = 46;
	objects = {

/* Begin PBXBuildFile section */
		330F16081DA888DE0059CBAD /* ViewController.m in Sources */ = {isa = PBXBuildFile; fileRef = 330F16071DA888DE0059CBAD /* ViewController.m */; };
		330F160B1DA888DE0059CBAD /* Main.storyboard in Resources */ = {isa = PBXBuildFile; fileRef = 330F16091DA888DE0059CBAD /* Main.storyboard */; };
		330F16101DA888DE0059CBAD /* LaunchScreen.storyboard in Resources */ = {isa = PBXBuildFile; fileRef = 330F160E1DA888DE0059CBAD /* LaunchScreen.storyboard */; };
		330F161B1DA888DE0059CBAD /* Common_CustomClassTests.m in Sources */ = {isa = PBXBuildFile; fileRef = 330F161A1DA888DE0059CBAD /* Common_CustomClassTests.m */; };
		330F16261DA888DE0059CBAD /* Common_CustomClassUITests.m in Sources */ = {isa = PBXBuildFile; fileRef = 330F16251DA888DE0059CBAD /* Common_CustomClassUITests.m */; };
		330F16841DA88C3C0059CBAD /* AppDelegate.m in Sources */ = {isa = PBXBuildFile; fileRef = 330F16801DA88C3C0059CBAD /* AppDelegate.m */; };
		330F16851DA88C3C0059CBAD /* Assets.xcassets in Resources */ = {isa = PBXBuildFile; fileRef = 330F16811DA88C3C0059CBAD /* Assets.xcassets */; };
		330F16871DA88C3C0059CBAD /* main.m in Sources */ = {isa = PBXBuildFile; fileRef = 330F16831DA88C3C0059CBAD /* main.m */; };
		330F168D1DA891680059CBAD /* SDUserDefaults.m in Sources */ = {isa = PBXBuildFile; fileRef = 330F168C1DA891680059CBAD /* SDUserDefaults.m */; };
/* End PBXBuildFile section */

/* Begin PBXContainerItemProxy section */
		330F16171DA888DE0059CBAD /* PBXContainerItemProxy */ = {
			isa = PBXContainerItemProxy;
			containerPortal = 330F15F51DA888DD0059CBAD /* Project object */;
			proxyType = 1;
			remoteGlobalIDString = 330F15FC1DA888DD0059CBAD;
			remoteInfo = "Common-CustomClass";
		};
		330F16221DA888DE0059CBAD /* PBXContainerItemProxy */ = {
			isa = PBXContainerItemProxy;
			containerPortal = 330F15F51DA888DD0059CBAD /* Project object */;
			proxyType = 1;
			remoteGlobalIDString = 330F15FC1DA888DD0059CBAD;
			remoteInfo = "Common-CustomClass";
		};
/* End PBXContainerItemProxy section */

/* Begin PBXFileReference section */
		330F15FD1DA888DD0059CBAD /* Common-CustomClass.app */ = {isa = PBXFileReference; explicitFileType = wrapper.application; includeInIndex = 0; path = "Common-CustomClass.app"; sourceTree = BUILT_PRODUCTS_DIR; };
		330F16011DA888DD0059CBAD /* main.m */ = {isa = PBXFileReference; lastKnownFileType = sourcecode.c.objc; path = main.m; sourceTree = "<group>"; };
		330F16061DA888DE0059CBAD /* ViewController.h */ = {isa = PBXFileReference; lastKnownFileType = sourcecode.c.h; path = ViewController.h; sourceTree = "<group>"; };
		330F16071DA888DE0059CBAD /* ViewController.m */ = {isa = PBXFileReference; lastKnownFileType = sourcecode.c.objc; path = ViewController.m; sourceTree = "<group>"; };
		330F160A1DA888DE0059CBAD /* Base */ = {isa = PBXFileReference; lastKnownFileType = file.storyboard; name = Base; path = Base.lproj/Main.storyboard; sourceTree = "<group>"; };
		330F160F1DA888DE0059CBAD /* Base */ = {isa = PBXFileReference; lastKnownFileType = file.storyboard; name = Base; path = Base.lproj/LaunchScreen.storyboard; sourceTree = "<group>"; };
		330F16161DA888DE0059CBAD /* Common-CustomClassTests.xctest */ = {isa = PBXFileReference; explicitFileType = wrapper.cfbundle; includeInIndex = 0; path = "Common-CustomClassTests.xctest"; sourceTree = BUILT_PRODUCTS_DIR; };
		330F161A1DA888DE0059CBAD /* Common_CustomClassTests.m */ = {isa = PBXFileReference; lastKnownFileType = sourcecode.c.objc; path = Common_CustomClassTests.m; sourceTree = "<group>"; };
		330F161C1DA888DE0059CBAD /* Info.plist */ = {isa = PBXFileReference; lastKnownFileType = text.plist.xml; path = Info.plist; sourceTree = "<group>"; };
		330F16211DA888DE0059CBAD /* Common-CustomClassUITests.xctest */ = {isa = PBXFileReference; explicitFileType = wrapper.cfbundle; includeInIndex = 0; path = "Common-CustomClassUITests.xctest"; sourceTree = BUILT_PRODUCTS_DIR; };
		330F16251DA888DE0059CBAD /* Common_CustomClassUITests.m */ = {isa = PBXFileReference; lastKnownFileType = sourcecode.c.objc; path = Common_CustomClassUITests.m; sourceTree = "<group>"; };
		330F16271DA888DE0059CBAD /* Info.plist */ = {isa = PBXFileReference; lastKnownFileType = text.plist.xml; path = Info.plist; sourceTree = "<group>"; };
		330F167F1DA88C3C0059CBAD /* AppDelegate.h */ = {isa = PBXFileReference; fileEncoding = 4; lastKnownFileType = sourcecode.c.h; path = AppDelegate.h; sourceTree = "<group>"; };
		330F16801DA88C3C0059CBAD /* AppDelegate.m */ = {isa = PBXFileReference; fileEncoding = 4; lastKnownFileType = sourcecode.c.objc; path = AppDelegate.m; sourceTree = "<group>"; };
		330F16811DA88C3C0059CBAD /* Assets.xcassets */ = {isa = PBXFileReference; lastKnownFileType = folder.assetcatalog; path = Assets.xcassets; sourceTree = "<group>"; };
		330F16821DA88C3C0059CBAD /* Info.plist */ = {isa = PBXFileReference; fileEncoding = 4; lastKnownFileType = text.plist.xml; path = Info.plist; sourceTree = "<group>"; };
		330F16831DA88C3C0059CBAD /* main.m */ = {isa = PBXFileReference; fileEncoding = 4; lastKnownFileType = sourcecode.c.objc; path = main.m; sourceTree = "<group>"; };
		330F168B1DA891680059CBAD /* SDUserDefaults.h */ = {isa = PBXFileReference; fileEncoding = 4; lastKnownFileType = sourcecode.c.h; path = SDUserDefaults.h; sourceTree = "<group>"; };
		330F168C1DA891680059CBAD /* SDUserDefaults.m */ = {isa = PBXFileReference; fileEncoding = 4; lastKnownFileType = sourcecode.c.objc; path = SDUserDefaults.m; sourceTree = "<group>"; };
/* End PBXFileReference section */

/* Begin PBXFrameworksBuildPhase section */
		330F15FA1DA888DD0059CBAD /* Frameworks */ = {
			isa = PBXFrameworksBuildPhase;
			buildActionMask = 2147483647;
			files = (
			);
			runOnlyForDeploymentPostprocessing = 0;
		};
		330F16131DA888DE0059CBAD /* Frameworks */ = {
			isa = PBXFrameworksBuildPhase;
			buildActionMask = 2147483647;
			files = (
			);
			runOnlyForDeploymentPostprocessing = 0;
		};
		330F161E1DA888DE0059CBAD /* Frameworks */ = {
			isa = PBXFrameworksBuildPhase;
			buildActionMask = 2147483647;
			files = (
			);
			runOnlyForDeploymentPostprocessing = 0;
		};
/* End PBXFrameworksBuildPhase section */

/* Begin PBXGroup section */
		330F15F41DA888DD0059CBAD = {
			isa = PBXGroup;
			children = (
				330F15FF1DA888DD0059CBAD /* Common-CustomClass */,
				330F16191DA888DE0059CBAD /* Common-CustomClassTests */,
				330F16241DA888DE0059CBAD /* Common-CustomClassUITests */,
				330F15FE1DA888DD0059CBAD /* Products */,
			);
			sourceTree = "<group>";
		};
		330F15FE1DA888DD0059CBAD /* Products */ = {
			isa = PBXGroup;
			children = (
				330F15FD1DA888DD0059CBAD /* Common-CustomClass.app */,
				330F16161DA888DE0059CBAD /* Common-CustomClassTests.xctest */,
				330F16211DA888DE0059CBAD /* Common-CustomClassUITests.xctest */,
			);
			name = Products;
			sourceTree = "<group>";
		};
		330F15FF1DA888DD0059CBAD /* Common-CustomClass */ = {
			isa = PBXGroup;
			children = (
				330F167D1DA88C3C0059CBAD /* CustomClass */,
				330F16061DA888DE0059CBAD /* ViewController.h */,
				330F16071DA888DE0059CBAD /* ViewController.m */,
				330F167E1DA88C3C0059CBAD /* Other */,
				330F16001DA888DD0059CBAD /* Supporting Files */,
			);
			path = "Common-CustomClass";
			sourceTree = "<group>";
		};
		330F16001DA888DD0059CBAD /* Supporting Files */ = {
			isa = PBXGroup;
			children = (
				330F16011DA888DD0059CBAD /* main.m */,
			);
			name = "Supporting Files";
			sourceTree = "<group>";
		};
		330F16191DA888DE0059CBAD /* Common-CustomClassTests */ = {
			isa = PBXGroup;
			children = (
				330F161A1DA888DE0059CBAD /* Common_CustomClassTests.m */,
				330F161C1DA888DE0059CBAD /* Info.plist */,
			);
			path = "Common-CustomClassTests";
			sourceTree = "<group>";
		};
		330F16241DA888DE0059CBAD /* Common-CustomClassUITests */ = {
			isa = PBXGroup;
			children = (
				330F16251DA888DE0059CBAD /* Common_CustomClassUITests.m */,
				330F16271DA888DE0059CBAD /* Info.plist */,
			);
			path = "Common-CustomClassUITests";
			sourceTree = "<group>";
		};
		330F167D1DA88C3C0059CBAD /* CustomClass */ = {
			isa = PBXGroup;
			children = (
				330F168B1DA891680059CBAD /* SDUserDefaults.h */,
				330F168C1DA891680059CBAD /* SDUserDefaults.m */,
			);
			path = CustomClass;
			sourceTree = "<group>";
		};
		330F167E1DA88C3C0059CBAD /* Other */ = {
			isa = PBXGroup;
			children = (
				330F16091DA888DE0059CBAD /* Main.storyboard */,
				330F160E1DA888DE0059CBAD /* LaunchScreen.storyboard */,
				330F167F1DA88C3C0059CBAD /* AppDelegate.h */,
				330F16801DA88C3C0059CBAD /* AppDelegate.m */,
				330F16811DA88C3C0059CBAD /* Assets.xcassets */,
				330F16821DA88C3C0059CBAD /* Info.plist */,
				330F16831DA88C3C0059CBAD /* main.m */,
			);
			path = Other;
			sourceTree = "<group>";
		};
/* End PBXGroup section */

/* Begin PBXNativeTarget section */
		330F15FC1DA888DD0059CBAD /* Common-CustomClass */ = {
			isa = PBXNativeTarget;
			buildConfigurationList = 330F162A1DA888DE0059CBAD /* Build configuration list for PBXNativeTarget "Common-CustomClass" */;
			buildPhases = (
				330F15F91DA888DD0059CBAD /* Sources */,
				330F15FA1DA888DD0059CBAD /* Frameworks */,
				330F15FB1DA888DD0059CBAD /* Resources */,
			);
			buildRules = (
			);
			dependencies = (
			);
			name = "Common-CustomClass";
			productName = "Common-CustomClass";
			productReference = 330F15FD1DA888DD0059CBAD /* Common-CustomClass.app */;
			productType = "com.apple.product-type.application";
		};
		330F16151DA888DE0059CBAD /* Common-CustomClassTests */ = {
			isa = PBXNativeTarget;
			buildConfigurationList = 330F162D1DA888DE0059CBAD /* Build configuration list for PBXNativeTarget "Common-CustomClassTests" */;
			buildPhases = (
				330F16121DA888DE0059CBAD /* Sources */,
				330F16131DA888DE0059CBAD /* Frameworks */,
				330F16141DA888DE0059CBAD /* Resources */,
			);
			buildRules = (
			);
			dependencies = (
				330F16181DA888DE0059CBAD /* PBXTargetDependency */,
			);
			name = "Common-CustomClassTests";
			productName = "Common-CustomClassTests";
			productReference = 330F16161DA888DE0059CBAD /* Common-CustomClassTests.xctest */;
			productType = "com.apple.product-type.bundle.unit-test";
		};
		330F16201DA888DE0059CBAD /* Common-CustomClassUITests */ = {
			isa = PBXNativeTarget;
			buildConfigurationList = 330F16301DA888DE0059CBAD /* Build configuration list for PBXNativeTarget "Common-CustomClassUITests" */;
			buildPhases = (
				330F161D1DA888DE0059CBAD /* Sources */,
				330F161E1DA888DE0059CBAD /* Frameworks */,
				330F161F1DA888DE0059CBAD /* Resources */,
			);
			buildRules = (
			);
			dependencies = (
				330F16231DA888DE0059CBAD /* PBXTargetDependency */,
			);
			name = "Common-CustomClassUITests";
			productName = "Common-CustomClassUITests";
			productReference = 330F16211DA888DE0059CBAD /* Common-CustomClassUITests.xctest */;
			productType = "com.apple.product-type.bundle.ui-testing";
		};
/* End PBXNativeTarget section */

/* Begin PBXProject section */
		330F15F51DA888DD0059CBAD /* Project object */ = {
			isa = PBXProject;
			attributes = {
				CLASSPREFIX = SD;
				LastUpgradeCheck = 0730;
				ORGANIZATIONNAME = SingleDogs;
				TargetAttributes = {
					330F15FC1DA888DD0059CBAD = {
						CreatedOnToolsVersion = 7.3.1;
					};
					330F16151DA888DE0059CBAD = {
						CreatedOnToolsVersion = 7.3.1;
						DevelopmentTeam = W9T3AK88VF;
						TestTargetID = 330F15FC1DA888DD0059CBAD;
					};
					330F16201DA888DE0059CBAD = {
						CreatedOnToolsVersion = 7.3.1;
						DevelopmentTeam = W9T3AK88VF;
						TestTargetID = 330F15FC1DA888DD0059CBAD;
					};
				};
			};
			buildConfigurationList = 330F15F81DA888DD0059CBAD /* Build configuration list for PBXProject "Common-CustomClass" */;
			compatibilityVersion = "Xcode 3.2";
			developmentRegion = English;
			hasScannedForEncodings = 0;
			knownRegions = (
				en,
				Base,
			);
			mainGroup = 330F15F41DA888DD0059CBAD;
			productRefGroup = 330F15FE1DA888DD0059CBAD /* Products */;
			projectDirPath = "";
			projectRoot = "";
			targets = (
				330F15FC1DA888DD0059CBAD /* Common-CustomClass */,
				330F16151DA888DE0059CBAD /* Common-CustomClassTests */,
				330F16201DA888DE0059CBAD /* Common-CustomClassUITests */,
			);
		};
/* End PBXProject section */

/* Begin PBXResourcesBuildPhase section */
		330F15FB1DA888DD0059CBAD /* Resources */ = {
			isa = PBXResourcesBuildPhase;
			buildActionMask = 2147483647;
			files = (
				330F16101DA888DE0059CBAD /* LaunchScreen.storyboard in Resources */,
				330F16851DA88C3C0059CBAD /* Assets.xcassets in Resources */,
				330F160B1DA888DE0059CBAD /* Main.storyboard in Resources */,
			);
			runOnlyForDeploymentPostprocessing = 0;
		};
		330F16141DA888DE0059CBAD /* Resources */ = {
			isa = PBXResourcesBuildPhase;
			buildActionMask = 2147483647;
			files = (
			);
			runOnlyForDeploymentPostprocessing = 0;
		};
		330F161F1DA888DE0059CBAD /* Resources */ = {
			isa = PBXResourcesBuildPhase;
			buildActionMask = 2147483647;
			files = (
			);
			runOnlyForDeploymentPostprocessing = 0;
		};
/* End PBXResourcesBuildPhase section */

/* Begin PBXSourcesBuildPhase section */
		330F15F91DA888DD0059CBAD /* Sources */ = {
			isa = PBXSourcesBuildPhase;
			buildActionMask = 2147483647;
			files = (
				330F16081DA888DE0059CBAD /* ViewController.m in Sources */,
				330F168D1DA891680059CBAD /* SDUserDefaults.m in Sources */,
				330F16871DA88C3C0059CBAD /* main.m in Sources */,
				330F16841DA88C3C0059CBAD /* AppDelegate.m in Sources */,
			);
			runOnlyForDeploymentPostprocessing = 0;
		};
		330F16121DA888DE0059CBAD /* Sources */ = {
			isa = PBXSourcesBuildPhase;
			buildActionMask = 2147483647;
			files = (
				330F161B1DA888DE0059CBAD /* Common_CustomClassTests.m in Sources */,
			);
			runOnlyForDeploymentPostprocessing = 0;
		};
		330F161D1DA888DE0059CBAD /* Sources */ = {
			isa = PBXSourcesBuildPhase;
			buildActionMask = 2147483647;
			files = (
				330F16261DA888DE0059CBAD /* Common_CustomClassUITests.m in Sources */,
			);
			runOnlyForDeploymentPostprocessing = 0;
		};
/* End PBXSourcesBuildPhase section */

/* Begin PBXTargetDependency section */
		330F16181DA888DE0059CBAD /* PBXTargetDependency */ = {
			isa = PBXTargetDependency;
			target = 330F15FC1DA888DD0059CBAD /* Common-CustomClass */;
			targetProxy = 330F16171DA888DE0059CBAD /* PBXContainerItemProxy */;
		};
		330F16231DA888DE0059CBAD /* PBXTargetDependency */ = {
			isa = PBXTargetDependency;
			target = 330F15FC1DA888DD0059CBAD /* Common-CustomClass */;
			targetProxy = 330F16221DA888DE0059CBAD /* PBXContainerItemProxy */;
		};
/* End PBXTargetDependency section */

/* Begin PBXVariantGroup section */
		330F16091DA888DE0059CBAD /* Main.storyboard */ = {
			isa = PBXVariantGroup;
			children = (
				330F160A1DA888DE0059CBAD /* Base */,
			);
			name = Main.storyboard;
			path = ..;
			sourceTree = "<group>";
		};
		330F160E1DA888DE0059CBAD /* LaunchScreen.storyboard */ = {
			isa = PBXVariantGroup;
			children = (
				330F160F1DA888DE0059CBAD /* Base */,
			);
			name = LaunchScreen.storyboard;
			path = ..;
			sourceTree = "<group>";
		};
/* End PBXVariantGroup section */

/* Begin XCBuildConfiguration section */
		330F16281DA888DE0059CBAD /* Debug */ = {
			isa = XCBuildConfiguration;
			buildSettings = {
				ALWAYS_SEARCH_USER_PATHS = NO;
				CLANG_ANALYZER_NONNULL = YES;
				CLANG_CXX_LANGUAGE_STANDARD = "gnu++0x";
				CLANG_CXX_LIBRARY = "libc++";
				CLANG_ENABLE_MODULES = YES;
				CLANG_ENABLE_OBJC_ARC = YES;
				CLANG_WARN_BOOL_CONVERSION = YES;
				CLANG_WARN_CONSTANT_CONVERSION = YES;
				CLANG_WARN_DIRECT_OBJC_ISA_USAGE = YES_ERROR;
				CLANG_WARN_EMPTY_BODY = YES;
				CLANG_WARN_ENUM_CONVERSION = YES;
				CLANG_WARN_INT_CONVERSION = YES;
				CLANG_WARN_OBJC_ROOT_CLASS = YES_ERROR;
				CLANG_WARN_UNREACHABLE_CODE = YES;
				CLANG_WARN__DUPLICATE_METHOD_MATCH = YES;
				"CODE_SIGN_IDENTITY[sdk=iphoneos*]" = "iPhone Developer";
				COPY_PHASE_STRIP = NO;
				DEBUG_INFORMATION_FORMAT = dwarf;
				ENABLE_STRICT_OBJC_MSGSEND = YES;
				ENABLE_TESTABILITY = YES;
				GCC_C_LANGUAGE_STANDARD = gnu99;
				GCC_DYNAMIC_NO_PIC = NO;
				GCC_NO_COMMON_BLOCKS = YES;
				GCC_OPTIMIZATION_LEVEL = 0;
				GCC_PREPROCESSOR_DEFINITIONS = (
					"DEBUG=1",
					"$(inherited)",
				);
				GCC_WARN_64_TO_32_BIT_CONVERSION = YES;
				GCC_WARN_ABOUT_RETURN_TYPE = YES_ERROR;
				GCC_WARN_UNDECLARED_SELECTOR = YES;
				GCC_WARN_UNINITIALIZED_AUTOS = YES_AGGRESSIVE;
				GCC_WARN_UNUSED_FUNCTION = YES;
				GCC_WARN_UNUSED_VARIABLE = YES;
				IPHONEOS_DEPLOYMENT_TARGET = 9.3;
				MTL_ENABLE_DEBUG_INFO = YES;
				ONLY_ACTIVE_ARCH = YES;
				SDKROOT = iphoneos;
			};
			name = Debug;
		};
		330F16291DA888DE0059CBAD /* Release */ = {
			isa = XCBuildConfiguration;
			buildSettings = {
				ALWAYS_SEARCH_USER_PATHS = NO;
				CLANG_ANALYZER_NONNULL = YES;
				CLANG_CXX_LANGUAGE_STANDARD = "gnu++0x";
				CLANG_CXX_LIBRARY = "libc++";
				CLANG_ENABLE_MODULES = YES;
				CLANG_ENABLE_OBJC_ARC = YES;
				CLANG_WARN_BOOL_CONVERSION = YES;
				CLANG_WARN_CONSTANT_CONVERSION = YES;
				CLANG_WARN_DIRECT_OBJC_ISA_USAGE = YES_ERROR;
				CLANG_WARN_EMPTY_BODY = YES;
				CLANG_WARN_ENUM_CONVERSION = YES;
				CLANG_WARN_INT_CONVERSION = YES;
				CLANG_WARN_OBJC_ROOT_CLASS = YES_ERROR;
				CLANG_WARN_UNREACHABLE_CODE = YES;
				CLANG_WARN__DUPLICATE_METHOD_MATCH = YES;
				"CODE_SIGN_IDENTITY[sdk=iphoneos*]" = "iPhone Developer";
				COPY_PHASE_STRIP = NO;
				DEBUG_INFORMATION_FORMAT = "dwarf-with-dsym";
				ENABLE_NS_ASSERTIONS = NO;
				ENABLE_STRICT_OBJC_MSGSEND = YES;
				GCC_C_LANGUAGE_STANDARD = gnu99;
				GCC_NO_COMMON_BLOCKS = YES;
				GCC_WARN_64_TO_32_BIT_CONVERSION = YES;
				GCC_WARN_ABOUT_RETURN_TYPE = YES_ERROR;
				GCC_WARN_UNDECLARED_SELECTOR = YES;
				GCC_WARN_UNINITIALIZED_AUTOS = YES_AGGRESSIVE;
				GCC_WARN_UNUSED_FUNCTION = YES;
				GCC_WARN_UNUSED_VARIABLE = YES;
				IPHONEOS_DEPLOYMENT_TARGET = 9.3;
				MTL_ENABLE_DEBUG_INFO = NO;
				SDKROOT = iphoneos;
				VALIDATE_PRODUCT = YES;
			};
			name = Release;
		};
		330F162B1DA888DE0059CBAD /* Debug */ = {
			isa = XCBuildConfiguration;
			buildSettings = {
				ASSETCATALOG_COMPILER_APPICON_NAME = AppIcon;
				CODE_SIGN_IDENTITY = "iPhone Developer";
				INFOPLIST_FILE = "Common-CustomClass/Other/Info.plist";
				LD_RUNPATH_SEARCH_PATHS = "$(inherited) @executable_path/Frameworks";
				PRODUCT_BUNDLE_IDENTIFIER = "com.SingleDogs.Common-CustomClass";
				PRODUCT_NAME = "$(TARGET_NAME)";
			};
			name = Debug;
		};
		330F162C1DA888DE0059CBAD /* Release */ = {
			isa = XCBuildConfiguration;
			buildSettings = {
				ASSETCATALOG_COMPILER_APPICON_NAME = AppIcon;
				CODE_SIGN_IDENTITY = "iPhone Developer";
				INFOPLIST_FILE = "Common-CustomClass/Other/Info.plist";
				LD_RUNPATH_SEARCH_PATHS = "$(inherited) @executable_path/Frameworks";
				PRODUCT_BUNDLE_IDENTIFIER = "com.SingleDogs.Common-CustomClass";
				PRODUCT_NAME = "$(TARGET_NAME)";
			};
			name = Release;
		};
		330F162E1DA888DE0059CBAD /* Debug */ = {
			isa = XCBuildConfiguration;
			buildSettings = {
				BUNDLE_LOADER = "$(TEST_HOST)";
				INFOPLIST_FILE = "Common-CustomClassTests/Info.plist";
				LD_RUNPATH_SEARCH_PATHS = "$(inherited) @executable_path/Frameworks @loader_path/Frameworks";
				PRODUCT_BUNDLE_IDENTIFIER = "com.SingleDogs.Common-CustomClassTests";
				PRODUCT_NAME = "$(TARGET_NAME)";
				TEST_HOST = "$(BUILT_PRODUCTS_DIR)/Common-CustomClass.app/Common-CustomClass";
			};
			name = Debug;
		};
		330F162F1DA888DE0059CBAD /* Release */ = {
			isa = XCBuildConfiguration;
			buildSettings = {
				BUNDLE_LOADER = "$(TEST_HOST)";
				INFOPLIST_FILE = "Common-CustomClassTests/Info.plist";
				LD_RUNPATH_SEARCH_PATHS = "$(inherited) @executable_path/Frameworks @loader_path/Frameworks";
				PRODUCT_BUNDLE_IDENTIFIER = "com.SingleDogs.Common-CustomClassTests";
				PRODUCT_NAME = "$(TARGET_NAME)";
				TEST_HOST = "$(BUILT_PRODUCTS_DIR)/Common-CustomClass.app/Common-CustomClass";
			};
			name = Release;
		};
		330F16311DA888DE0059CBAD /* Debug */ = {
			isa = XCBuildConfiguration;
			buildSettings = {
				INFOPLIST_FILE = "Common-CustomClassUITests/Info.plist";
				LD_RUNPATH_SEARCH_PATHS = "$(inherited) @executable_path/Frameworks @loader_path/Frameworks";
				PRODUCT_BUNDLE_IDENTIFIER = "com.SingleDogs.Common-CustomClassUITests";
				PRODUCT_NAME = "$(TARGET_NAME)";
				TEST_TARGET_NAME = "Common-CustomClass";
			};
			name = Debug;
		};
		330F16321DA888DE0059CBAD /* Release */ = {
			isa = XCBuildConfiguration;
			buildSettings = {
				INFOPLIST_FILE = "Common-CustomClassUITests/Info.plist";
				LD_RUNPATH_SEARCH_PATHS = "$(inherited) @executable_path/Frameworks @loader_path/Frameworks";
				PRODUCT_BUNDLE_IDENTIFIER = "com.SingleDogs.Common-CustomClassUITests";
				PRODUCT_NAME = "$(TARGET_NAME)";
				TEST_TARGET_NAME = "Common-CustomClass";
			};
			name = Release;
		};
/* End XCBuildConfiguration section */

/* Begin XCConfigurationList section */
		330F15F81DA888DD0059CBAD /* Build configuration list for PBXProject "Common-CustomClass" */ = {
			isa = XCConfigurationList;
			buildConfigurations = (
				330F16281DA888DE0059CBAD /* Debug */,
				330F16291DA888DE0059CBAD /* Release */,
			);
			defaultConfigurationIsVisible = 0;
			defaultConfigurationName = Release;
		};
		330F162A1DA888DE0059CBAD /* Build configuration list for PBXNativeTarget "Common-CustomClass" */ = {
			isa = XCConfigurationList;
			buildConfigurations = (
				330F162B1DA888DE0059CBAD /* Debug */,
				330F162C1DA888DE0059CBAD /* Release */,
			);
			defaultConfigurationIsVisible = 0;
			defaultConfigurationName = Release;
		};
		330F162D1DA888DE0059CBAD /* Build configuration list for PBXNativeTarget "Common-CustomClassTests" */ = {
			isa = XCConfigurationList;
			buildConfigurations = (
				330F162E1DA888DE0059CBAD /* Debug */,
				330F162F1DA888DE0059CBAD /* Release */,
			);
			defaultConfigurationIsVisible = 0;
			defaultConfigurationName = Release;
		};
		330F16301DA888DE0059CBAD /* Build configuration list for PBXNativeTarget "Common-CustomClassUITests" */ = {
			isa = XCConfigurationList;
			buildConfigurations = (
				330F16311DA888DE0059CBAD /* Debug */,
				330F16321DA888DE0059CBAD /* Release */,
			);
			defaultConfigurationIsVisible = 0;
			defaultConfigurationName = Release;
		};
/* End XCConfigurationList section */
	};
	rootObject = 330F15F51DA888DD0059CBAD /* Project object */;
}
